
Microsoft Visual Studio Solution File, Format Version 12.00
# Visual Studio 15
VisualStudioVersion = 15.0.28307.1525
MinimumVisualStudioVersion = 10.0.40219.1
Project("{FAE04EC0-301F-11D3-BF4B-00C04F79EFBC}") = "CapaDeDatos", "CapaDeDatos\CapaDeDatos.csproj", "{5422673B-9011-4B57-A5A8-C3C78268714E}"
EndProject
Project("{FAE04EC0-301F-11D3-BF4B-00C04F79EFBC}") = "UnitTests", "UnitTests\UnitTests.csproj", "{5C7EA33C-DCA3-40A2-A918-E5A8EA2CE866}"
EndProject
Project("{FAE04EC0-301F-11D3-BF4B-00C04F79EFBC}") = "ConsoleApp1", "ConsoleApp1\ConsoleApp1.csproj", "{B8C03C95-BC9F-444C-827D-B2511B81FD36}"
EndProject
Global
	GlobalSection(SolutionConfigurationPlatforms) = preSolution
		Debug|Any CPU = Debug|Any CPU
		Release|Any CPU = Release|Any CPU
	EndGlobalSection
	GlobalSection(ProjectConfigurationPlatforms) = postSolution
		{5422673B-9011-4B57-A5A8-C3C78268714E}.Debug|Any CPU.ActiveCfg = Debug|Any CPU
		{5422673B-9011-4B57-A5A8-C3C78268714E}.Debug|Any CPU.Build.0 = Debug|Any CPU
		{5422673B-9011-4B57-A5A8-C3C78268714E}.Release|Any CPU.ActiveCfg = Release|Any CPU
		{5422673B-9011-4B57-A5A8-C3C78268714E}.Release|Any CPU.Build.0 = Release|Any CPU
		{5C7EA33C-DCA3-40A2-A918-E5A8EA2CE866}.Debug|Any CPU.ActiveCfg = Debug|Any CPU
		{5C7EA33C-DCA3-40A2-A918-E5A8EA2CE866}.Debug|Any CPU.Build.0 = Debug|Any CPU
		{5C7EA33C-DCA3-40A2-A918-E5A8EA2CE866}.Release|Any CPU.ActiveCfg = Release|Any CPU
		{5C7EA33C-DCA3-40A2-A918-E5A8EA2CE866}.Release|Any CPU.Build.0 = Release|Any CPU
		{B8C03C95-BC9F-444C-827D-B2511B81FD36}.Debug|Any CPU.ActiveCfg = Debug|Any CPU
		{B8C03C95-BC9F-444C-827D-B2511B81FD36}.Debug|Any CPU.Build.0 = Debug|Any CPU
		{B8C03C95-BC9F-444C-827D-B2511B81FD36}.Release|Any CPU.ActiveCfg = Release|Any CPU
		{B8C03C95-BC9F-444C-827D-B2511B81FD36}.Release|Any CPU.Build.0 = Release|Any CPU
	EndGlobalSection
	GlobalSection(SolutionProperties) = preSolution
		HideSolutionNode = FALSE
	EndGlobalSection
	GlobalSection(ExtensibilityGlobals) = postSolution
		SolutionGuid = {456C3809-C60B-484D-ACF4-BBF5DFD4F22A}
	EndGlobalSection
EndGlobal
